// !$*UTF8*$!
{
	archiveVersion = 1;
	classes = {
	};
	objectVersion = 46;
	objects = {

/* Begin PBXBuildFile section */
		C32BEAFA1B8FF44700865630 /* AppDelegate.swift in Sources */ = {isa = PBXBuildFile; fileRef = C32BEAF91B8FF44700865630 /* AppDelegate.swift */; };
		C32BEAFC1B8FF44700865630 /* ViewController.swift in Sources */ = {isa = PBXBuildFile; fileRef = C32BEAFB1B8FF44700865630 /* ViewController.swift */; };
		C32BEAFF1B8FF44700865630 /* Main.storyboard in Resources */ = {isa = PBXBuildFile; fileRef = C32BEAFD1B8FF44700865630 /* Main.storyboard */; };
		C32BEB011B8FF44700865630 /* Images.xcassets in Resources */ = {isa = PBXBuildFile; fileRef = C32BEB001B8FF44700865630 /* Images.xcassets */; };
		C32BEB041B8FF44700865630 /* LaunchScreen.xib in Resources */ = {isa = PBXBuildFile; fileRef = C32BEB021B8FF44700865630 /* LaunchScreen.xib */; };
		C32BEB101B8FF44700865630 /* StockLinesTests.swift in Sources */ = {isa = PBXBuildFile; fileRef = C32BEB0F1B8FF44700865630 /* StockLinesTests.swift */; };
/* End PBXBuildFile section */

/* Begin PBXContainerItemProxy section */
		C32BEB0A1B8FF44700865630 /* PBXContainerItemProxy */ = {
			isa = PBXContainerItemProxy;
			containerPortal = C32BEAEC1B8FF44700865630 /* Project object */;
			proxyType = 1;
			remoteGlobalIDString = C32BEAF31B8FF44700865630;
			remoteInfo = StockLines;
		};
/* End PBXContainerItemProxy section */

/* Begin PBXFileReference section */
		C32BEAF41B8FF44700865630 /* StockLines.app */ = {isa = PBXFileReference; explicitFileType = wrapper.application; includeInIndex = 0; path = StockLines.app; sourceTree = BUILT_PRODUCTS_DIR; };
		C32BEAF81B8FF44700865630 /* Info.plist */ = {isa = PBXFileReference; lastKnownFileType = text.plist.xml; path = Info.plist; sourceTree = "<group>"; };
		C32BEAF91B8FF44700865630 /* AppDelegate.swift */ = {isa = PBXFileReference; lastKnownFileType = sourcecode.swift; path = AppDelegate.swift; sourceTree = "<group>"; };
		C32BEAFB1B8FF44700865630 /* ViewController.swift */ = {isa = PBXFileReference; lastKnownFileType = sourcecode.swift; path = ViewController.swift; sourceTree = "<group>"; };
		C32BEAFE1B8FF44700865630 /* Base */ = {isa = PBXFileReference; lastKnownFileType = file.storyboard; name = Base; path = Base.lproj/Main.storyboard; sourceTree = "<group>"; };
		C32BEB001B8FF44700865630 /* Images.xcassets */ = {isa = PBXFileReference; lastKnownFileType = folder.assetcatalog; path = Images.xcassets; sourceTree = "<group>"; };
		C32BEB031B8FF44700865630 /* Base */ = {isa = PBXFileReference; lastKnownFileType = file.xib; name = Base; path = Base.lproj/LaunchScreen.xib; sourceTree = "<group>"; };
		C32BEB091B8FF44700865630 /* StockLinesTests.xctest */ = {isa = PBXFileReference; explicitFileType = wrapper.cfbundle; includeInIndex = 0; path = StockLinesTests.xctest; sourceTree = BUILT_PRODUCTS_DIR; };
		C32BEB0E1B8FF44700865630 /* Info.plist */ = {isa = PBXFileReference; lastKnownFileType = text.plist.xml; path = Info.plist; sourceTree = "<group>"; };
		C32BEB0F1B8FF44700865630 /* StockLinesTests.swift */ = {isa = PBXFileReference; lastKnownFileType = sourcecode.swift; path = StockLinesTests.swift; sourceTree = "<group>"; };
/* End PBXFileReference section */

/* Begin PBXFrameworksBuildPhase section */
		C32BEAF11B8FF44700865630 /* Frameworks */ = {
			isa = PBXFrameworksBuildPhase;
			buildActionMask = 2147483647;
			files = (
			);
			runOnlyForDeploymentPostprocessing = 0;
		};
		C32BEB061B8FF44700865630 /* Frameworks */ = {
			isa = PBXFrameworksBuildPhase;
			buildActionMask = 2147483647;
			files = (
			);
			runOnlyForDeploymentPostprocessing = 0;
		};
/* End PBXFrameworksBuildPhase section */

/* Begin PBXGroup section */
		C32BEAEB1B8FF44700865630 = {
			isa = PBXGroup;
			children = (
				C32BEAF61B8FF44700865630 /* StockLines */,
				C32BEB0C1B8FF44700865630 /* StockLinesTests */,
				C32BEAF51B8FF44700865630 /* Products */,
			);
			sourceTree = "<group>";
		};
		C32BEAF51B8FF44700865630 /* Products */ = {
			isa = PBXGroup;
			children = (
				C32BEAF41B8FF44700865630 /* StockLines.app */,
				C32BEB091B8FF44700865630 /* StockLinesTests.xctest */,
			);
			name = Products;
			sourceTree = "<group>";
		};
		C32BEAF61B8FF44700865630 /* StockLines */ = {
			isa = PBXGroup;
			children = (
				C32BEAF91B8FF44700865630 /* AppDelegate.swift */,
				C32BEAFB1B8FF44700865630 /* ViewController.swift */,
				C32BEAFD1B8FF44700865630 /* Main.storyboard */,
				C32BEB001B8FF44700865630 /* Images.xcassets */,
				C32BEB021B8FF44700865630 /* LaunchScreen.xib */,
				C32BEAF71B8FF44700865630 /* Supporting Files */,
			);
			path = StockLines;
			sourceTree = "<group>";
		};
		C32BEAF71B8FF44700865630 /* Supporting Files */ = {
			isa = PBXGroup;
			children = (
				C32BEAF81B8FF44700865630 /* Info.plist */,
			);
			name = "Supporting Files";
			sourceTree = "<group>";
		};
		C32BEB0C1B8FF44700865630 /* StockLinesTests */ = {
			isa = PBXGroup;
			children = (
				C32BEB0F1B8FF44700865630 /* StockLinesTests.swift */,
				C32BEB0D1B8FF44700865630 /* Supporting Files */,
			);
			path = StockLinesTests;
			sourceTree = "<group>";
		};
		C32BEB0D1B8FF44700865630 /* Supporting Files */ = {
			isa = PBXGroup;
			children = (
				C32BEB0E1B8FF44700865630 /* Info.plist */,
			);
			name = "Supporting Files";
			sourceTree = "<group>";
		};
/* End PBXGroup section */

/* Begin PBXNativeTarget section */
		C32BEAF31B8FF44700865630 /* StockLines */ = {
			isa = PBXNativeTarget;
			buildConfigurationList = C32BEB131B8FF44700865630 /* Build configuration list for PBXNativeTarget "StockLines" */;
			buildPhases = (
				C32BEAF01B8FF44700865630 /* Sources */,
				C32BEAF11B8FF44700865630 /* Frameworks */,
				C32BEAF21B8FF44700865630 /* Resources */,
			);
			buildRules = (
			);
			dependencies = (
			);
			name = StockLines;
			productName = StockLines;
			productReference = C32BEAF41B8FF44700865630 /* StockLines.app */;
			productType = "com.apple.product-type.application";
		};
		C32BEB081B8FF44700865630 /* StockLinesTests */ = {
			isa = PBXNativeTarget;
			buildConfigurationList = C32BEB161B8FF44700865630 /* Build configuration list for PBXNativeTarget "StockLinesTests" */;
			buildPhases = (
				C32BEB051B8FF44700865630 /* Sources */,
				C32BEB061B8FF44700865630 /* Frameworks */,
				C32BEB071B8FF44700865630 /* Resources */,
			);
			buildRules = (
			);
			dependencies = (
				C32BEB0B1B8FF44700865630 /* PBXTargetDependency */,
			);
			name = StockLinesTests;
			productName = StockLinesTests;
			productReference = C32BEB091B8FF44700865630 /* StockLinesTests.xctest */;
			productType = "com.apple.product-type.bundle.unit-test";
		};
/* End PBXNativeTarget section */

/* Begin PBXProject section */
		C32BEAEC1B8FF44700865630 /* Project object */ = {
			isa = PBXProject;
			attributes = {
				LastUpgradeCheck = 0640;
				ORGANIZATIONNAME = FarTeenTT;
				TargetAttributes = {
					C32BEAF31B8FF44700865630 = {
						CreatedOnToolsVersion = 6.4;
					};
					C32BEB081B8FF44700865630 = {
						CreatedOnToolsVersion = 6.4;
						TestTargetID = C32BEAF31B8FF44700865630;
					};
				};
			};
			buildConfigurationList = C32BEAEF1B8FF44700865630 /* Build configuration list for PBXProject "StockLines" */;
			compatibilityVersion = "Xcode 3.2";
			developmentRegion = English;
			hasScannedForEncodings = 0;
			knownRegions = (
				en,
				Base,
			);
			mainGroup = C32BEAEB1B8FF44700865630;
			productRefGroup = C32BEAF51B8FF44700865630 /* Products */;
			projectDirPath = "";
			projectRoot = "";
			targets = (
				C32BEAF31B8FF44700865630 /* StockLines */,
				C32BEB081B8FF44700865630 /* StockLinesTests */,
			);
		};
/* End PBXProject section */

/* Begin PBXResourcesBuildPhase section */
		C32BEAF21B8FF44700865630 /* Resources */ = {
			isa = PBXResourcesBuildPhase;
			buildActionMask = 2147483647;
			files = (
				C32BEAFF1B8FF44700865630 /* Main.storyboard in Resources */,
				C32BEB041B8FF44700865630 /* LaunchScreen.xib in Resources */,
				C32BEB011B8FF44700865630 /* Images.xcassets in Resources */,
			);
			runOnlyForDeploymentPostprocessing = 0;
		};
		C32BEB071B8FF44700865630 /* Resources */ = {
			isa = PBXResourcesBuildPhase;
			buildActionMask = 2147483647;
			files = (
			);
			runOnlyForDeploymentPostprocessing = 0;
		};
/* End PBXResourcesBuildPhase section */

/* Begin PBXSourcesBuildPhase section */
		C32BEAF01B8FF44700865630 /* Sources */ = {
			isa = PBXSourcesBuildPhase;
			buildActionMask = 2147483647;
			files = (
				C32BEAFC1B8FF44700865630 /* ViewController.swift in Sources */,
				C32BEAFA1B8FF44700865630 /* AppDelegate.swift in Sources */,
			);
			runOnlyForDeploymentPostprocessing = 0;
		};
		C32BEB051B8FF44700865630 /* Sources */ = {
			isa = PBXSourcesBuildPhase;
			buildActionMask = 2147483647;
			files = (
				C32BEB101B8FF44700865630 /* StockLinesTests.swift in Sources */,
			);
			runOnlyForDeploymentPostprocessing = 0;
		};
/* End PBXSourcesBuildPhase section */

/* Begin PBXTargetDependency section */
		C32BEB0B1B8FF44700865630 /* PBXTargetDependency */ = {
			isa = PBXTargetDependency;
			target = C32BEAF31B8FF44700865630 /* StockLines */;
			targetProxy = C32BEB0A1B8FF44700865630 /* PBXContainerItemProxy */;
		};
/* End PBXTargetDependency section */

/* Begin PBXVariantGroup section */
		C32BEAFD1B8FF44700865630 /* Main.storyboard */ = {
			isa = PBXVariantGroup;
			children = (
				C32BEAFE1B8FF44700865630 /* Base */,
			);
			name = Main.storyboard;
			sourceTree = "<group>";
		};
		C32BEB021B8FF44700865630 /* LaunchScreen.xib */ = {
			isa = PBXVariantGroup;
			children = (
				C32BEB031B8FF44700865630 /* Base */,
			);
			name = LaunchScreen.xib;
			sourceTree = "<group>";
		};
/* End PBXVariantGroup section */

/* Begin XCBuildConfiguration section */
		C32BEB111B8FF44700865630 /* Debug */ = {
			isa = XCBuildConfiguration;
			buildSettings = {
				ALWAYS_SEARCH_USER_PATHS = NO;
				CLANG_CXX_LANGUAGE_STANDARD = "gnu++0x";
				CLANG_CXX_LIBRARY = "libc++";
				CLANG_ENABLE_MODULES = YES;
				CLANG_ENABLE_OBJC_ARC = YES;
				CLANG_WARN_BOOL_CONVERSION = YES;
				CLANG_WARN_CONSTANT_CONVERSION = YES;
				CLANG_WARN_DIRECT_OBJC_ISA_USAGE = YES_ERROR;
				CLANG_WARN_EMPTY_BODY = YES;
				CLANG_WARN_ENUM_CONVERSION = YES;
				CLANG_WARN_INT_CONVERSION = YES;
				CLANG_WARN_OBJC_ROOT_CLASS = YES_ERROR;
				CLANG_WARN_UNREACHABLE_CODE = YES;
				CLANG_WARN__DUPLICATE_METHOD_MATCH = YES;
				"CODE_SIGN_IDENTITY[sdk=iphoneos*]" = "iPhone Developer";
				COPY_PHASE_STRIP = NO;
				DEBUG_INFORMATION_FORMAT = "dwarf-with-dsym";
				ENABLE_STRICT_OBJC_MSGSEND = YES;
				GCC_C_LANGUAGE_STANDARD = gnu99;
				GCC_DYNAMIC_NO_PIC = NO;
				GCC_NO_COMMON_BLOCKS = YES;
				GCC_OPTIMIZATION_LEVEL = 0;
				GCC_PREPROCESSOR_DEFINITIONS = (
					"DEBUG=1",
					"$(inherited)",
				);
				GCC_SYMBOLS_PRIVATE_EXTERN = NO;
				GCC_WARN_64_TO_32_BIT_CONVERSION = YES;
				GCC_WARN_ABOUT_RETURN_TYPE = YES_ERROR;
				GCC_WARN_UNDECLARED_SELECTOR = YES;
				GCC_WARN_UNINITIALIZED_AUTOS = YES_AGGRESSIVE;
				GCC_WARN_UNUSED_FUNCTION = YES;
				GCC_WARN_UNUSED_VARIABLE = YES;
				IPHONEOS_DEPLOYMENT_TARGET = 8.4;
				MTL_ENABLE_DEBUG_INFO = YES;
				ONLY_ACTIVE_ARCH = YES;
				SDKROOT = iphoneos;
				SWIFT_OPTIMIZATION_LEVEL = "-Onone";
				TARGETED_DEVICE_FAMILY = "1,2";
			};
			name = Debug;
		};
		C32BEB121B8FF44700865630 /* Release */ = {
			isa = XCBuildConfiguration;
			buildSettings = {
				ALWAYS_SEARCH_USER_PATHS = NO;
				CLANG_CXX_LANGUAGE_STANDARD = "gnu++0x";
				CLANG_CXX_LIBRARY = "libc++";
				CLANG_ENABLE_MODULES = YES;
				CLANG_ENABLE_OBJC_ARC = YES;
				CLANG_WARN_BOOL_CONVERSION = YES;
				CLANG_WARN_CONSTANT_CONVERSION = YES;
				CLANG_WARN_DIRECT_OBJC_ISA_USAGE = YES_ERROR;
				CLANG_WARN_EMPTY_BODY = YES;
				CLANG_WARN_ENUM_CONVERSION = YES;
				CLANG_WARN_INT_CONVERSION = YES;
				CLANG_WARN_OBJC_ROOT_CLASS = YES_ERROR;
				CLANG_WARN_UNREACHABLE_CODE = YES;
				CLANG_WARN__DUPLICATE_METHOD_MATCH = YES;
				"CODE_SIGN_IDENTITY[sdk=iphoneos*]" = "iPhone Developer";
				COPY_PHASE_STRIP = NO;
				DEBUG_INFORMATION_FORMAT = "dwarf-with-dsym";
				ENABLE_NS_ASSERTIONS = NO;
				ENABLE_STRICT_OBJC_MSGSEND = YES;
				GCC_C_LANGUAGE_STANDARD = gnu99;
				GCC_NO_COMMON_BLOCKS = YES;
				GCC_WARN_64_TO_32_BIT_CONVERSION = YES;
				GCC_WARN_ABOUT_RETURN_TYPE = YES_ERROR;
				GCC_WARN_UNDECLARED_SELECTOR = YES;
				GCC_WARN_UNINITIALIZED_AUTOS = YES_AGGRESSIVE;
				GCC_WARN_UNUSED_FUNCTION = YES;
				GCC_WARN_UNUSED_VARIABLE = YES;
				IPHONEOS_DEPLOYMENT_TARGET = 8.4;
				MTL_ENABLE_DEBUG_INFO = NO;
				SDKROOT = iphoneos;
				TARGETED_DEVICE_FAMILY = "1,2";
				VALIDATE_PRODUCT = YES;
			};
			name = Release;
		};
		C32BEB141B8FF44700865630 /* Debug */ = {
			isa = XCBuildConfiguration;
			buildSettings = {
				ASSETCATALOG_COMPILER_APPICON_NAME = AppIcon;
				INFOPLIST_FILE = StockLines/Info.plist;
				LD_RUNPATH_SEARCH_PATHS = "$(inherited) @executable_path/Frameworks";
				PRODUCT_NAME = "$(TARGET_NAME)";
			};
			name = Debug;
		};
		C32BEB151B8FF44700865630 /* Release */ = {
			isa = XCBuildConfiguration;
			buildSettings = {
				ASSETCATALOG_COMPILER_APPICON_NAME = AppIcon;
				INFOPLIST_FILE = StockLines/Info.plist;
				LD_RUNPATH_SEARCH_PATHS = "$(inherited) @executable_path/Frameworks";
				PRODUCT_NAME = "$(TARGET_NAME)";
			};
			name = Release;
		};
		C32BEB171B8FF44700865630 /* Debug */ = {
			isa = XCBuildConfiguration;
			buildSettings = {
				BUNDLE_LOADER = "$(TEST_HOST)";
				FRAMEWORK_SEARCH_PATHS = (
					"$(SDKROOT)/Developer/Library/Frameworks",
					"$(inherited)",
				);
				GCC_PREPROCESSOR_DEFINITIONS = (
					"DEBUG=1",
					"$(inherited)",
				);
				INFOPLIST_FILE = StockLinesTests/Info.plist;
				LD_RUNPATH_SEARCH_PATHS = "$(inherited) @executable_path/Frameworks @loader_path/Frameworks";
				PRODUCT_NAME = "$(TARGET_NAME)";
				TEST_HOST = "$(BUILT_PRODUCTS_DIR)/StockLines.app/StockLines";
			};
			name = Debug;
		};
		C32BEB181B8FF44700865630 /* Release */ = {
			isa = XCBuildConfiguration;
			buildSettings = {
				BUNDLE_LOADER = "$(TEST_HOST)";
				FRAMEWORK_SEARCH_PATHS = (
					"$(SDKROOT)/Developer/Library/Frameworks",
					"$(inherited)",
				);
				INFOPLIST_FILE = StockLinesTests/Info.plist;
				LD_RUNPATH_SEARCH_PATHS = "$(inherited) @executable_path/Frameworks @loader_path/Frameworks";
				PRODUCT_NAME = "$(TARGET_NAME)";
				TEST_HOST = "$(BUILT_PRODUCTS_DIR)/StockLines.app/StockLines";
			};
			name = Release;
		};
/* End XCBuildConfiguration section */

/* Begin XCConfigurationList section */
		C32BEAEF1B8FF44700865630 /* Build configuration list for PBXProject "StockLines" */ = {
			isa = XCConfigurationList;
			buildConfigurations = (
				C32BEB111B8FF44700865630 /* Debug */,
				C32BEB121B8FF44700865630 /* Release */,
			);
			defaultConfigurationIsVisible = 0;
			defaultConfigurationName = Release;
		};
		C32BEB131B8FF44700865630 /* Build configuration list for PBXNativeTarget "StockLines" */ = {
			isa = XCConfigurationList;
			buildConfigurations = (
				C32BEB141B8FF44700865630 /* Debug */,
				C32BEB151B8FF44700865630 /* Release */,
			);
			defaultConfigurationIsVisible = 0;
		};
		C32BEB161B8FF44700865630 /* Build configuration list for PBXNativeTarget "StockLinesTests" */ = {
			isa = XCConfigurationList;
			buildConfigurations = (
				C32BEB171B8FF44700865630 /* Debug */,
				C32BEB181B8FF44700865630 /* Release */,
			);
			defaultConfigurationIsVisible = 0;
		};
/* End XCConfigurationList section */
	};
	rootObject = C32BEAEC1B8FF44700865630 /* Project object */;
}
